
Microsoft Visual Studio Solution File, Format Version 12.00
# Visual Studio Version 17
VisualStudioVersion = 17.9.34616.47
MinimumVisualStudioVersion = 10.0.40219.1
Project("{FAE04EC0-301F-11D3-BF4B-00C04F79EFBC}") = "SGE_BACKEND_JUDITH_LAB", "SGE_BACKEND_JUDITH_LAB\SGE_BACKEND_JUDITH_LAB.csproj", "{B34276A6-1AEC-4E71-B570-9AA6D0A5A30E}"
EndProject
Global
	GlobalSection(SolutionConfigurationPlatforms) = preSolution
		Debug|Any CPU = Debug|Any CPU
		Release|Any CPU = Release|Any CPU
	EndGlobalSection
	GlobalSection(ProjectConfigurationPlatforms) = postSolution
		{B34276A6-1AEC-4E71-B570-9AA6D0A5A30E}.Debug|Any CPU.ActiveCfg = Debug|Any CPU
		{B34276A6-1AEC-4E71-B570-9AA6D0A5A30E}.Debug|Any CPU.Build.0 = Debug|Any CPU
		{B34276A6-1AEC-4E71-B570-9AA6D0A5A30E}.Release|Any CPU.ActiveCfg = Release|Any CPU
		{B34276A6-1AEC-4E71-B570-9AA6D0A5A30E}.Release|Any CPU.Build.0 = Release|Any CPU
	EndGlobalSection
	GlobalSection(SolutionProperties) = preSolution
		HideSolutionNode = FALSE
	EndGlobalSection
	GlobalSection(ExtensibilityGlobals) = postSolution
		SolutionGuid = {DDFB0B45-7CC4-4968-8846-CD6A92A4CAC8}
	EndGlobalSection
EndGlobal
